<Solution>
  <Folder Name="/src/">
    <Project Path="src/RayNeo.Console/RayNeo.Console.csproj" />
    <Project Path="src/RayNeo.Device/RayNeo.Device.csproj" />
    <Project Path="src/RayNeo.Hud/RayNeo.Hud.csproj" />
    <Project Path="src/RayNeo.Voice/RayNeo.Voice.csproj" />
  </Folder>
  <Folder Name="/tests/">
    <Project Path="tests/RayNeo.Device.Tests/RayNeo.Device.Tests.csproj" />
    <Project Path="tests/RayNeo.Voice.Tests/RayNeo.Voice.Tests.csproj" />
  </Folder>
</Solution>
